
Microsoft Visual Studio Solution File, Format Version 12.00
# Visual Studio 2013
VisualStudioVersion = 12.0.40629.0
MinimumVisualStudioVersion = 10.0.40219.1
Project("{FAE04EC0-301F-11D3-BF4B-00C04F79EFBC}") = "TCP_Client", "TcpTest\TCP_Client.csproj", "{09249F70-A3E1-42D5-8421-6E2FE53B86BD}"
EndProject
Global
	GlobalSection(SolutionConfigurationPlatforms) = preSolution
		Debug|Any CPU = Debug|Any CPU
		Release|Any CPU = Release|Any CPU
	EndGlobalSection
	GlobalSection(ProjectConfigurationPlatforms) = postSolution
		{09249F70-A3E1-42D5-8421-6E2FE53B86BD}.Debug|Any CPU.ActiveCfg = Debug|Any CPU
		{09249F70-A3E1-42D5-8421-6E2FE53B86BD}.Debug|Any CPU.Build.0 = Debug|Any CPU
		{09249F70-A3E1-42D5-8421-6E2FE53B86BD}.Release|Any CPU.ActiveCfg = Release|Any CPU
		{09249F70-A3E1-42D5-8421-6E2FE53B86BD}.Release|Any CPU.Build.0 = Release|Any CPU
	EndGlobalSection
	GlobalSection(SolutionProperties) = preSolution
		HideSolutionNode = FALSE
	EndGlobalSection
EndGlobal
